
Microsoft Visual Studio Solution File, Format Version 12.00
# Visual Studio Version 17
VisualStudioVersion = 17.2.32616.157
MinimumVisualStudioVersion = 10.0.40219.1
Project("{888888A0-9F3D-457C-B088-3A5042F75D52}") = "practice_practice", "madlib\practice_practice.pyproj", "{B56DD1D5-EA2F-4E80-9E8A-DF525029FDF7}"
EndProject
Global
	GlobalSection(SolutionConfigurationPlatforms) = preSolution
		Debug|Any CPU = Debug|Any CPU
		Release|Any CPU = Release|Any CPU
	EndGlobalSection
	GlobalSection(ProjectConfigurationPlatforms) = postSolution
		{B56DD1D5-EA2F-4E80-9E8A-DF525029FDF7}.Debug|Any CPU.ActiveCfg = Debug|Any CPU
		{B56DD1D5-EA2F-4E80-9E8A-DF525029FDF7}.Release|Any CPU.ActiveCfg = Release|Any CPU
	EndGlobalSection
	GlobalSection(SolutionProperties) = preSolution
		HideSolutionNode = FALSE
	EndGlobalSection
	GlobalSection(ExtensibilityGlobals) = postSolution
		SolutionGuid = {F86D2078-DB7A-44C7-AC26-7AFA4C12E007}
	EndGlobalSection
EndGlobal
